
Microsoft Visual Studio Solution File, Format Version 12.00
# Visual Studio Version 17
VisualStudioVersion = 17.12.35707.178
MinimumVisualStudioVersion = 10.0.40219.1
Project("{2150E333-8FDC-42A3-9474-1A3956D46DE8}") = "Services", "Services", "{C94F6283-FCE0-4D0D-80B0-71ADA1F16651}"
EndProject
Project("{2150E333-8FDC-42A3-9474-1A3956D46DE8}") = "Catalog", "Catalog", "{A265E6CE-1FAB-48D4-BCEA-A8E4D45BA85E}"
EndProject
Project("{FAE04EC0-301F-11D3-BF4B-00C04F79EFBC}") = "Catalog.API", "Services\Catalog\Catalog.API\Catalog.API.csproj", "{4AA35B72-9580-4862-913A-24858453C9E5}"
EndProject
Project("{2150E333-8FDC-42A3-9474-1A3956D46DE8}") = "BuildingBlocks", "BuildingBlocks", "{443D9CAE-C260-477D-BFB1-1B7550018569}"
EndProject
Project("{FAE04EC0-301F-11D3-BF4B-00C04F79EFBC}") = "BuildingBlocks", "BuildingBlocks\BuildingBlocks\BuildingBlocks.csproj", "{705A40B2-867A-4D30-8909-691BEE7FBDE6}"
EndProject
Project("{E53339B2-1760-4266-BCC7-CA923CBCF16C}") = "docker-compose", "docker-compose.dcproj", "{2215D7D9-B37F-4936-8E3E-781153B33421}"
EndProject
Project("{2150E333-8FDC-42A3-9474-1A3956D46DE8}") = "Basket", "Basket", "{28346064-D48C-4FB0-AB88-41DDC179595B}"
EndProject
Project("{FAE04EC0-301F-11D3-BF4B-00C04F79EFBC}") = "Basket.API", "Services\Basket\Basket.API\Basket.API.csproj", "{6F895267-F2D6-4775-9D10-690EFA265ABD}"
EndProject
Project("{2150E333-8FDC-42A3-9474-1A3956D46DE8}") = "Discount", "Discount", "{36BC5F36-E085-438F-A3FD-C7F615F43F23}"
EndProject
Project("{FAE04EC0-301F-11D3-BF4B-00C04F79EFBC}") = "Discount.Grpc", "Services\Discount\Discount.Grpc\Discount.Grpc.csproj", "{8B7E8B5B-70FB-4B51-9956-08F30F32276D}"
EndProject
Project("{2150E333-8FDC-42A3-9474-1A3956D46DE8}") = "Ordering", "Ordering", "{02EA681E-C7D8-13C7-8484-4AC65E1B71E8}"
EndProject
Project("{FAE04EC0-301F-11D3-BF4B-00C04F79EFBC}") = "Ordering.API", "Services\Ordering\Ordering.API\Ordering.API.csproj", "{53B146B9-6BBE-46BA-87F5-FF10C52BDD99}"
EndProject
Project("{FAE04EC0-301F-11D3-BF4B-00C04F79EFBC}") = "Ordering.Domain", "Services\Ordering\Ordering.Domain\Ordering.Domain.csproj", "{F354DD23-579C-41BD-9892-16C18BEF0610}"
EndProject
Project("{FAE04EC0-301F-11D3-BF4B-00C04F79EFBC}") = "Ordering.Application", "Services\Ordering\Ordering.Application\Ordering.Application.csproj", "{273D2DF7-FBED-4B7A-9BFC-CC7CD7D49986}"
EndProject
Project("{FAE04EC0-301F-11D3-BF4B-00C04F79EFBC}") = "Ordering.Infrastructure", "Services\Ordering\Ordering.Infrastructure\Ordering.Infrastructure.csproj", "{FC9A2A8C-FF35-4AE8-8BBC-0032254D8716}"
EndProject
Global
	GlobalSection(SolutionConfigurationPlatforms) = preSolution
		Debug|Any CPU = Debug|Any CPU
		Release|Any CPU = Release|Any CPU
	EndGlobalSection
	GlobalSection(ProjectConfigurationPlatforms) = postSolution
		{4AA35B72-9580-4862-913A-24858453C9E5}.Debug|Any CPU.ActiveCfg = Debug|Any CPU
		{4AA35B72-9580-4862-913A-24858453C9E5}.Debug|Any CPU.Build.0 = Debug|Any CPU
		{4AA35B72-9580-4862-913A-24858453C9E5}.Release|Any CPU.ActiveCfg = Release|Any CPU
		{4AA35B72-9580-4862-913A-24858453C9E5}.Release|Any CPU.Build.0 = Release|Any CPU
		{705A40B2-867A-4D30-8909-691BEE7FBDE6}.Debug|Any CPU.ActiveCfg = Debug|Any CPU
		{705A40B2-867A-4D30-8909-691BEE7FBDE6}.Debug|Any CPU.Build.0 = Debug|Any CPU
		{705A40B2-867A-4D30-8909-691BEE7FBDE6}.Release|Any CPU.ActiveCfg = Release|Any CPU
		{705A40B2-867A-4D30-8909-691BEE7FBDE6}.Release|Any CPU.Build.0 = Release|Any CPU
		{2215D7D9-B37F-4936-8E3E-781153B33421}.Debug|Any CPU.ActiveCfg = Debug|Any CPU
		{2215D7D9-B37F-4936-8E3E-781153B33421}.Debug|Any CPU.Build.0 = Debug|Any CPU
		{2215D7D9-B37F-4936-8E3E-781153B33421}.Release|Any CPU.ActiveCfg = Release|Any CPU
		{2215D7D9-B37F-4936-8E3E-781153B33421}.Release|Any CPU.Build.0 = Release|Any CPU
		{6F895267-F2D6-4775-9D10-690EFA265ABD}.Debug|Any CPU.ActiveCfg = Debug|Any CPU
		{6F895267-F2D6-4775-9D10-690EFA265ABD}.Debug|Any CPU.Build.0 = Debug|Any CPU
		{6F895267-F2D6-4775-9D10-690EFA265ABD}.Release|Any CPU.ActiveCfg = Release|Any CPU
		{6F895267-F2D6-4775-9D10-690EFA265ABD}.Release|Any CPU.Build.0 = Release|Any CPU
		{8B7E8B5B-70FB-4B51-9956-08F30F32276D}.Debug|Any CPU.ActiveCfg = Debug|Any CPU
		{8B7E8B5B-70FB-4B51-9956-08F30F32276D}.Debug|Any CPU.Build.0 = Debug|Any CPU
		{8B7E8B5B-70FB-4B51-9956-08F30F32276D}.Release|Any CPU.ActiveCfg = Release|Any CPU
		{8B7E8B5B-70FB-4B51-9956-08F30F32276D}.Release|Any CPU.Build.0 = Release|Any CPU
		{53B146B9-6BBE-46BA-87F5-FF10C52BDD99}.Debug|Any CPU.ActiveCfg = Debug|Any CPU
		{53B146B9-6BBE-46BA-87F5-FF10C52BDD99}.Debug|Any CPU.Build.0 = Debug|Any CPU
		{53B146B9-6BBE-46BA-87F5-FF10C52BDD99}.Release|Any CPU.ActiveCfg = Release|Any CPU
		{53B146B9-6BBE-46BA-87F5-FF10C52BDD99}.Release|Any CPU.Build.0 = Release|Any CPU
		{F354DD23-579C-41BD-9892-16C18BEF0610}.Debug|Any CPU.ActiveCfg = Debug|Any CPU
		{F354DD23-579C-41BD-9892-16C18BEF0610}.Debug|Any CPU.Build.0 = Debug|Any CPU
		{F354DD23-579C-41BD-9892-16C18BEF0610}.Release|Any CPU.ActiveCfg = Release|Any CPU
		{F354DD23-579C-41BD-9892-16C18BEF0610}.Release|Any CPU.Build.0 = Release|Any CPU
		{273D2DF7-FBED-4B7A-9BFC-CC7CD7D49986}.Debug|Any CPU.ActiveCfg = Debug|Any CPU
		{273D2DF7-FBED-4B7A-9BFC-CC7CD7D49986}.Debug|Any CPU.Build.0 = Debug|Any CPU
		{273D2DF7-FBED-4B7A-9BFC-CC7CD7D49986}.Release|Any CPU.ActiveCfg = Release|Any CPU
		{273D2DF7-FBED-4B7A-9BFC-CC7CD7D49986}.Release|Any CPU.Build.0 = Release|Any CPU
		{FC9A2A8C-FF35-4AE8-8BBC-0032254D8716}.Debug|Any CPU.ActiveCfg = Debug|Any CPU
		{FC9A2A8C-FF35-4AE8-8BBC-0032254D8716}.Debug|Any CPU.Build.0 = Debug|Any CPU
		{FC9A2A8C-FF35-4AE8-8BBC-0032254D8716}.Release|Any CPU.ActiveCfg = Release|Any CPU
		{FC9A2A8C-FF35-4AE8-8BBC-0032254D8716}.Release|Any CPU.Build.0 = Release|Any CPU
	EndGlobalSection
	GlobalSection(SolutionProperties) = preSolution
		HideSolutionNode = FALSE
	EndGlobalSection
	GlobalSection(NestedProjects) = preSolution
		{A265E6CE-1FAB-48D4-BCEA-A8E4D45BA85E} = {C94F6283-FCE0-4D0D-80B0-71ADA1F16651}
		{4AA35B72-9580-4862-913A-24858453C9E5} = {A265E6CE-1FAB-48D4-BCEA-A8E4D45BA85E}
		{705A40B2-867A-4D30-8909-691BEE7FBDE6} = {443D9CAE-C260-477D-BFB1-1B7550018569}
		{28346064-D48C-4FB0-AB88-41DDC179595B} = {C94F6283-FCE0-4D0D-80B0-71ADA1F16651}
		{6F895267-F2D6-4775-9D10-690EFA265ABD} = {28346064-D48C-4FB0-AB88-41DDC179595B}
		{36BC5F36-E085-438F-A3FD-C7F615F43F23} = {C94F6283-FCE0-4D0D-80B0-71ADA1F16651}
		{8B7E8B5B-70FB-4B51-9956-08F30F32276D} = {36BC5F36-E085-438F-A3FD-C7F615F43F23}
		{02EA681E-C7D8-13C7-8484-4AC65E1B71E8} = {C94F6283-FCE0-4D0D-80B0-71ADA1F16651}
		{53B146B9-6BBE-46BA-87F5-FF10C52BDD99} = {02EA681E-C7D8-13C7-8484-4AC65E1B71E8}
		{F354DD23-579C-41BD-9892-16C18BEF0610} = {02EA681E-C7D8-13C7-8484-4AC65E1B71E8}
		{273D2DF7-FBED-4B7A-9BFC-CC7CD7D49986} = {02EA681E-C7D8-13C7-8484-4AC65E1B71E8}
		{FC9A2A8C-FF35-4AE8-8BBC-0032254D8716} = {02EA681E-C7D8-13C7-8484-4AC65E1B71E8}
	EndGlobalSection
	GlobalSection(ExtensibilityGlobals) = postSolution
		SolutionGuid = {FF741388-E4DA-4A09-8E27-02DB261C52C1}
	EndGlobalSection
EndGlobal
